
Microsoft Visual Studio Solution File, Format Version 12.00
# Visual Studio 15
VisualStudioVersion = 15.0.27703.2047
MinimumVisualStudioVersion = 10.0.40219.1
Project("{9A19103F-16F7-4668-BE54-9A1E7A4F7556}") = "TestAppForEverything", "TestAppForEverything\TestAppForEverything.csproj", "{84ABFB7D-E43C-436C-AD43-61013881F91E}"
EndProject
Project("{9A19103F-16F7-4668-BE54-9A1E7A4F7556}") = "LoRaWanManagerTest", "LoRaWanManagerTest\LoRaWanManagerTest.csproj", "{9381E798-A652-4339-A761-255C55DB6ADD}"
EndProject
Project("{9A19103F-16F7-4668-BE54-9A1E7A4F7556}") = "PacketForwarderSimulator", "PacketForwarderSimulator\PacketForwarderSimulator.csproj", "{F98CFC60-7082-4E16-A7E9-D59DA068AF01}"
EndProject
Project("{9A19103F-16F7-4668-BE54-9A1E7A4F7556}") = "LoRaWanNetworkSrvCmdWrapper", "LoRaWanNetworkSrvCmdWrapper\LoRaWanNetworkSrvCmdWrapper.csproj", "{2FC3547E-3210-4972-9172-4C161621F444}"
EndProject
Global
	GlobalSection(SolutionConfigurationPlatforms) = preSolution
		Debug|Any CPU = Debug|Any CPU
		Debug|x86 = Debug|x86
		Release|Any CPU = Release|Any CPU
		Release|x86 = Release|x86
	EndGlobalSection
	GlobalSection(ProjectConfigurationPlatforms) = postSolution
		{84ABFB7D-E43C-436C-AD43-61013881F91E}.Debug|Any CPU.ActiveCfg = Debug|Any CPU
		{84ABFB7D-E43C-436C-AD43-61013881F91E}.Debug|Any CPU.Build.0 = Debug|Any CPU
		{84ABFB7D-E43C-436C-AD43-61013881F91E}.Debug|x86.ActiveCfg = Debug|Any CPU
		{84ABFB7D-E43C-436C-AD43-61013881F91E}.Debug|x86.Build.0 = Debug|Any CPU
		{84ABFB7D-E43C-436C-AD43-61013881F91E}.Release|Any CPU.ActiveCfg = Release|Any CPU
		{84ABFB7D-E43C-436C-AD43-61013881F91E}.Release|Any CPU.Build.0 = Release|Any CPU
		{84ABFB7D-E43C-436C-AD43-61013881F91E}.Release|x86.ActiveCfg = Release|Any CPU
		{84ABFB7D-E43C-436C-AD43-61013881F91E}.Release|x86.Build.0 = Release|Any CPU
		{9381E798-A652-4339-A761-255C55DB6ADD}.Debug|Any CPU.ActiveCfg = Debug|Any CPU
		{9381E798-A652-4339-A761-255C55DB6ADD}.Debug|Any CPU.Build.0 = Debug|Any CPU
		{9381E798-A652-4339-A761-255C55DB6ADD}.Debug|x86.ActiveCfg = Debug|Any CPU
		{9381E798-A652-4339-A761-255C55DB6ADD}.Debug|x86.Build.0 = Debug|Any CPU
		{9381E798-A652-4339-A761-255C55DB6ADD}.Release|Any CPU.ActiveCfg = Release|Any CPU
		{9381E798-A652-4339-A761-255C55DB6ADD}.Release|Any CPU.Build.0 = Release|Any CPU
		{9381E798-A652-4339-A761-255C55DB6ADD}.Release|x86.ActiveCfg = Release|Any CPU
		{9381E798-A652-4339-A761-255C55DB6ADD}.Release|x86.Build.0 = Release|Any CPU
		{F98CFC60-7082-4E16-A7E9-D59DA068AF01}.Debug|Any CPU.ActiveCfg = Debug|Any CPU
		{F98CFC60-7082-4E16-A7E9-D59DA068AF01}.Debug|Any CPU.Build.0 = Debug|Any CPU
		{F98CFC60-7082-4E16-A7E9-D59DA068AF01}.Debug|x86.ActiveCfg = Debug|Any CPU
		{F98CFC60-7082-4E16-A7E9-D59DA068AF01}.Debug|x86.Build.0 = Debug|Any CPU
		{F98CFC60-7082-4E16-A7E9-D59DA068AF01}.Release|Any CPU.ActiveCfg = Release|Any CPU
		{F98CFC60-7082-4E16-A7E9-D59DA068AF01}.Release|Any CPU.Build.0 = Release|Any CPU
		{F98CFC60-7082-4E16-A7E9-D59DA068AF01}.Release|x86.ActiveCfg = Release|Any CPU
		{F98CFC60-7082-4E16-A7E9-D59DA068AF01}.Release|x86.Build.0 = Release|Any CPU
		{2FC3547E-3210-4972-9172-4C161621F444}.Debug|Any CPU.ActiveCfg = Debug|Any CPU
		{2FC3547E-3210-4972-9172-4C161621F444}.Debug|Any CPU.Build.0 = Debug|Any CPU
		{2FC3547E-3210-4972-9172-4C161621F444}.Debug|x86.ActiveCfg = Debug|Any CPU
		{2FC3547E-3210-4972-9172-4C161621F444}.Debug|x86.Build.0 = Debug|Any CPU
		{2FC3547E-3210-4972-9172-4C161621F444}.Release|Any CPU.ActiveCfg = Release|Any CPU
		{2FC3547E-3210-4972-9172-4C161621F444}.Release|Any CPU.Build.0 = Release|Any CPU
		{2FC3547E-3210-4972-9172-4C161621F444}.Release|x86.ActiveCfg = Release|Any CPU
		{2FC3547E-3210-4972-9172-4C161621F444}.Release|x86.Build.0 = Release|Any CPU
	EndGlobalSection
	GlobalSection(SolutionProperties) = preSolution
		HideSolutionNode = FALSE
	EndGlobalSection
	GlobalSection(ExtensibilityGlobals) = postSolution
		SolutionGuid = {2BB79172-3215-4D08-A1BA-F6F5CCDA65D9}
	EndGlobalSection
EndGlobal
